{
  "nodes": {
    "flake-utils": {
      "locked": {
        "lastModified": 1644229661,
        "narHash": "sha256-1YdnJAsNy69bpcjuoKdOYQX0YxZBiCYZo4Twxerqv7k=",
        "owner": "numtide",
        "repo": "flake-utils",
        "rev": "3cecb5b042f7f209c56ffd8371b2711a290ec797",
        "type": "github"
      },
      "original": {
        "owner": "numtide",
        "repo": "flake-utils",
        "type": "github"
      }
    },
    "flake-utils_2": {
      "locked": {
        "lastModified": 1642700792,
        "narHash": "sha256-XqHrk7hFb+zBvRg6Ghl+AZDq03ov6OshJLiSWOoX5es=",
        "owner": "numtide",
        "repo": "flake-utils",
        "rev": "846b2ae0fc4cc943637d3d1def4454213e203cba",
        "type": "github"
      },
      "original": {
        "owner": "numtide",
        "repo": "flake-utils",
        "type": "github"
      }
    },
    "nixpkgs": {
      "locked": {
        "lastModified": 1644358166,
        "narHash": "sha256-BKkLT2QP/lMPebdB+WhiK95MyfLAFQJlFeeyQ4ljh5M=",
        "owner": "nixos",
        "repo": "nixpkgs",
        "rev": "592b893530e1d864bb55c92141d8d2e427cf68bc",
        "type": "github"
      },
      "original": {
        "owner": "nixos",
        "ref": "release-21.11",
        "repo": "nixpkgs",
        "type": "github"
      }
    },
    "nixpkgs-unstable": {
      "locked": {
        "lastModified": 1644330694,
        "narHash": "sha256-bxfJfDL8nKWR+LOwUf9xoZol8WKcahPS4EbD1U4kLT0=",
        "owner": "nixos",
        "repo": "nixpkgs",
        "rev": "18a062b02d6eb382714187b06e3bfc3ba25ace78",
        "type": "github"
      },
      "original": {
        "owner": "nixos",
        "ref": "nixpkgs-unstable",
        "repo": "nixpkgs",
        "type": "github"
      }
    },
    "nixpkgs_2": {
      "locked": {
        "lastModified": 1643236468,
        "narHash": "sha256-voGrXCMOPf3+eyidJJqlJ6hGot2aiEbSwn66hc+0Bfg=",
        "owner": "nixos",
        "repo": "nixpkgs",
        "rev": "d7f79af1ee420c6f2f22af74154bca53c26bacf0",
        "type": "github"
      },
      "original": {
        "owner": "nixos",
        "ref": "release-21.11",
        "repo": "nixpkgs",
        "type": "github"
      }
    },
    "root": {
      "inputs": {
        "flake-utils": "flake-utils",
        "nixpkgs": "nixpkgs",
        "nixpkgs-unstable": "nixpkgs-unstable",
        "security": "security"
      }
    },
    "security": {
      "inputs": {
        "flake-utils": "flake-utils_2",
        "nixpkgs": "nixpkgs_2"
      },
      "locked": {
        "lastModified": 1643241407,
        "narHash": "sha256-KcpcgzAAbM26MsfF2YuJS7fCsIqPTtjwcpeHcdTEEI8=",
        "owner": "fiksn",
        "repo": "security-nix",
        "rev": "4ac74a6c18260ef55cdb9f79152af1457006f5a2",
        "type": "github"
      },
      "original": {
        "owner": "fiksn",
        "repo": "security-nix",
        "type": "github"
      }
    }
  },
  "root": "root",
  "version": 7
}
