{
  "nodes": {
    "flake-utils": {
      "locked": {
        "lastModified": 1642700792,
        "narHash": "sha256-XqHrk7hFb+zBvRg6Ghl+AZDq03ov6OshJLiSWOoX5es=",
        "owner": "numtide",
        "repo": "flake-utils",
        "rev": "846b2ae0fc4cc943637d3d1def4454213e203cba",
        "type": "github"
      },
      "original": {
        "owner": "numtide",
        "repo": "flake-utils",
        "type": "github"
      }
    },
    "flake-utils_2": {
      "locked": {
        "lastModified": 1642700792,
        "narHash": "sha256-XqHrk7hFb+zBvRg6Ghl+AZDq03ov6OshJLiSWOoX5es=",
        "owner": "numtide",
        "repo": "flake-utils",
        "rev": "846b2ae0fc4cc943637d3d1def4454213e203cba",
        "type": "github"
      },
      "original": {
        "owner": "numtide",
        "repo": "flake-utils",
        "type": "github"
      }
    },
    "nixpkgs": {
      "locked": {
        "lastModified": 1643292922,
        "narHash": "sha256-wNYjwj9RnSED4xvbNfGBldU08N96TiXvoLPdTaOIvOA=",
        "owner": "nixos",
        "repo": "nixpkgs",
        "rev": "97885bb7dd36b559c511c20d13e13affb9fef678",
        "type": "github"
      },
      "original": {
        "owner": "nixos",
        "ref": "release-21.11",
        "repo": "nixpkgs",
        "type": "github"
      }
    },
    "nixpkgs-unstable": {
      "locked": {
        "lastModified": 1643119265,
        "narHash": "sha256-mmDEctIkHSWcC/HRpeaw6QOe+DbNOSzc0wsXAHOZWwo=",
        "owner": "nixos",
        "repo": "nixpkgs",
        "rev": "b05d2077ebe219f6a47825767f8bab5c6211d200",
        "type": "github"
      },
      "original": {
        "owner": "nixos",
        "ref": "nixpkgs-unstable",
        "repo": "nixpkgs",
        "type": "github"
      }
    },
    "nixpkgs_2": {
      "locked": {
        "lastModified": 1643236468,
        "narHash": "sha256-voGrXCMOPf3+eyidJJqlJ6hGot2aiEbSwn66hc+0Bfg=",
        "owner": "nixos",
        "repo": "nixpkgs",
        "rev": "d7f79af1ee420c6f2f22af74154bca53c26bacf0",
        "type": "github"
      },
      "original": {
        "owner": "nixos",
        "ref": "release-21.11",
        "repo": "nixpkgs",
        "type": "github"
      }
    },
    "root": {
      "inputs": {
        "flake-utils": "flake-utils",
        "nixpkgs": "nixpkgs",
        "nixpkgs-unstable": "nixpkgs-unstable",
        "security": "security"
      }
    },
    "security": {
      "inputs": {
        "flake-utils": "flake-utils_2",
        "nixpkgs": "nixpkgs_2"
      },
      "locked": {
        "lastModified": 1643241407,
        "narHash": "sha256-KcpcgzAAbM26MsfF2YuJS7fCsIqPTtjwcpeHcdTEEI8=",
        "owner": "fiksn",
        "repo": "security-nix",
        "rev": "4ac74a6c18260ef55cdb9f79152af1457006f5a2",
        "type": "github"
      },
      "original": {
        "owner": "fiksn",
        "repo": "security-nix",
        "type": "github"
      }
    }
  },
  "root": "root",
  "version": 7
}
